
Microsoft Visual Studio Solution File, Format Version 12.00
# Visual Studio Version 16
VisualStudioVersion = 16.0.30320.27
MinimumVisualStudioVersion = 10.0.40219.1
Project("{FAE04EC0-301F-11D3-BF4B-00C04F79EFBC}") = "ThreeSItSolutionsWebApi", "ThreeSItSolutionsWebApi\ThreeSItSolutionsWebApi.csproj", "{75240909-02E7-47DC-8B99-D5310B4FD8F6}"
EndProject
Global
	GlobalSection(SolutionConfigurationPlatforms) = preSolution
		Debug|Any CPU = Debug|Any CPU
		Release|Any CPU = Release|Any CPU
	EndGlobalSection
	GlobalSection(ProjectConfigurationPlatforms) = postSolution
		{75240909-02E7-47DC-8B99-D5310B4FD8F6}.Debug|Any CPU.ActiveCfg = Debug|Any CPU
		{75240909-02E7-47DC-8B99-D5310B4FD8F6}.Debug|Any CPU.Build.0 = Debug|Any CPU
		{75240909-02E7-47DC-8B99-D5310B4FD8F6}.Release|Any CPU.ActiveCfg = Release|Any CPU
		{75240909-02E7-47DC-8B99-D5310B4FD8F6}.Release|Any CPU.Build.0 = Release|Any CPU
	EndGlobalSection
	GlobalSection(SolutionProperties) = preSolution
		HideSolutionNode = FALSE
	EndGlobalSection
	GlobalSection(ExtensibilityGlobals) = postSolution
		SolutionGuid = {160447A9-3E7A-4999-9DA7-67F3884F5902}
	EndGlobalSection
EndGlobal
